
Microsoft Visual Studio Solution File, Format Version 12.00
# Visual Studio Version 16
VisualStudioVersion = 16.0.31112.23
MinimumVisualStudioVersion = 10.0.40219.1
Project("{2150E333-8FDC-42A3-9474-1A3956D46DE8}") = "src", "src", "{5F4EB8FA-42C7-4397-91D0-666B4CB102CF}"
EndProject
Project("{2150E333-8FDC-42A3-9474-1A3956D46DE8}") = "tests", "tests", "{50A428D0-6B86-4A94-9DF6-5222AF33E13B}"
EndProject
Project("{2150E333-8FDC-42A3-9474-1A3956D46DE8}") = "gateways", "gateways", "{850B4204-AF71-4381-898B-C8C944A37F8F}"
EndProject
Project("{2150E333-8FDC-42A3-9474-1A3956D46DE8}") = "apis", "apis", "{D2B6911D-3AC9-4563-8893-5BA99863E963}"
EndProject
Project("{2150E333-8FDC-42A3-9474-1A3956D46DE8}") = "ui", "ui", "{02E6C2AB-4BAD-4573-BD68-E0B7DBA1A245}"
EndProject
Project("{9A19103F-16F7-4668-BE54-9A1E7A4F7556}") = "Product.WebApi", "src\apis\Product.WebApi\Product.WebApi.csproj", "{F117E8FA-4C56-4DE9-8DB9-81EFDEC35AF5}"
EndProject
Project("{9A19103F-16F7-4668-BE54-9A1E7A4F7556}") = "Sales.WebApi", "src\apis\Sales.WebApi\Sales.WebApi.csproj", "{4660544E-7033-4438-99F8-828E09DB23AF}"
EndProject
Project("{9A19103F-16F7-4668-BE54-9A1E7A4F7556}") = "Order.WebApi", "src\apis\Order.WebApi\Order.WebApi.csproj", "{D0FC95F6-48CA-4514-AA21-0961D9FF0064}"
EndProject
Project("{9A19103F-16F7-4668-BE54-9A1E7A4F7556}") = "Inventory.WebApi", "src\apis\Inventory.WebApi\Inventory.WebApi.csproj", "{F6D341FF-17F6-41F8-9701-A58ECB26F881}"
EndProject
Project("{2150E333-8FDC-42A3-9474-1A3956D46DE8}") = "identity", "identity", "{B9E10694-ABCC-4FF9-B059-75ABBCE621FC}"
EndProject
Project("{9A19103F-16F7-4668-BE54-9A1E7A4F7556}") = "Gateway.Ocelot", "src\gateways\Gateway.Ocelot\Gateway.Ocelot.csproj", "{3056045F-7FEE-4BC6-8DBC-0265B08CDA41}"
EndProject
Project("{FAE04EC0-301F-11D3-BF4B-00C04F79EFBC}") = "Ui.Blazor.WA", "src\ui\Ui.Blazor.WA\Ui.Blazor.WA.csproj", "{23616773-9879-481F-B26F-6E2E39EFF507}"
EndProject
Project("{9A19103F-16F7-4668-BE54-9A1E7A4F7556}") = "Identity.IS4", "src\identity\Identity.IS4\Identity.IS4.csproj", "{EF29E067-61D0-4E0E-AFC0-0E633EE4F825}"
EndProject
Project("{2150E333-8FDC-42A3-9474-1A3956D46DE8}") = "libraries", "libraries", "{7AC63B39-A92F-4468-AF3C-CB77E2560635}"
EndProject
Project("{FAE04EC0-301F-11D3-BF4B-00C04F79EFBC}") = "Microservices.Common", "src\libraries\Microservices.Common\Microservices.Common.csproj", "{C7E554E5-2068-419D-B362-F8A36868EB92}"
EndProject
Project("{FAE04EC0-301F-11D3-BF4B-00C04F79EFBC}") = "Microservices.Sales", "src\libraries\Microservices.Sales\Microservices.Sales.csproj", "{3663DCDC-FC31-42E5-A375-594339D03F77}"
EndProject
Project("{FAE04EC0-301F-11D3-BF4B-00C04F79EFBC}") = "Microservices.Product", "src\libraries\Microservices.Product\Microservices.Product.csproj", "{25811685-46DF-478E-B795-798517F89734}"
EndProject
Project("{FAE04EC0-301F-11D3-BF4B-00C04F79EFBC}") = "Microservices.Inventory", "src\libraries\Microservices.Inventory\Microservices.Inventory.csproj", "{0673EEB4-B5A6-4F81-879B-61F7A35BD506}"
EndProject
Project("{FAE04EC0-301F-11D3-BF4B-00C04F79EFBC}") = "Microservices.Order", "src\libraries\Microservices.Order\Microservices.Order.csproj", "{5CB779F4-EDF3-4786-BA21-114CA3C852F1}"
EndProject
Global
	GlobalSection(SolutionConfigurationPlatforms) = preSolution
		Debug|Any CPU = Debug|Any CPU
		Release|Any CPU = Release|Any CPU
	EndGlobalSection
	GlobalSection(ProjectConfigurationPlatforms) = postSolution
		{F117E8FA-4C56-4DE9-8DB9-81EFDEC35AF5}.Debug|Any CPU.ActiveCfg = Debug|Any CPU
		{F117E8FA-4C56-4DE9-8DB9-81EFDEC35AF5}.Debug|Any CPU.Build.0 = Debug|Any CPU
		{F117E8FA-4C56-4DE9-8DB9-81EFDEC35AF5}.Release|Any CPU.ActiveCfg = Release|Any CPU
		{F117E8FA-4C56-4DE9-8DB9-81EFDEC35AF5}.Release|Any CPU.Build.0 = Release|Any CPU
		{4660544E-7033-4438-99F8-828E09DB23AF}.Debug|Any CPU.ActiveCfg = Debug|Any CPU
		{4660544E-7033-4438-99F8-828E09DB23AF}.Debug|Any CPU.Build.0 = Debug|Any CPU
		{4660544E-7033-4438-99F8-828E09DB23AF}.Release|Any CPU.ActiveCfg = Release|Any CPU
		{4660544E-7033-4438-99F8-828E09DB23AF}.Release|Any CPU.Build.0 = Release|Any CPU
		{D0FC95F6-48CA-4514-AA21-0961D9FF0064}.Debug|Any CPU.ActiveCfg = Debug|Any CPU
		{D0FC95F6-48CA-4514-AA21-0961D9FF0064}.Debug|Any CPU.Build.0 = Debug|Any CPU
		{D0FC95F6-48CA-4514-AA21-0961D9FF0064}.Release|Any CPU.ActiveCfg = Release|Any CPU
		{D0FC95F6-48CA-4514-AA21-0961D9FF0064}.Release|Any CPU.Build.0 = Release|Any CPU
		{F6D341FF-17F6-41F8-9701-A58ECB26F881}.Debug|Any CPU.ActiveCfg = Debug|Any CPU
		{F6D341FF-17F6-41F8-9701-A58ECB26F881}.Debug|Any CPU.Build.0 = Debug|Any CPU
		{F6D341FF-17F6-41F8-9701-A58ECB26F881}.Release|Any CPU.ActiveCfg = Release|Any CPU
		{F6D341FF-17F6-41F8-9701-A58ECB26F881}.Release|Any CPU.Build.0 = Release|Any CPU
		{3056045F-7FEE-4BC6-8DBC-0265B08CDA41}.Debug|Any CPU.ActiveCfg = Debug|Any CPU
		{3056045F-7FEE-4BC6-8DBC-0265B08CDA41}.Debug|Any CPU.Build.0 = Debug|Any CPU
		{3056045F-7FEE-4BC6-8DBC-0265B08CDA41}.Release|Any CPU.ActiveCfg = Release|Any CPU
		{3056045F-7FEE-4BC6-8DBC-0265B08CDA41}.Release|Any CPU.Build.0 = Release|Any CPU
		{23616773-9879-481F-B26F-6E2E39EFF507}.Debug|Any CPU.ActiveCfg = Debug|Any CPU
		{23616773-9879-481F-B26F-6E2E39EFF507}.Debug|Any CPU.Build.0 = Debug|Any CPU
		{23616773-9879-481F-B26F-6E2E39EFF507}.Release|Any CPU.ActiveCfg = Release|Any CPU
		{23616773-9879-481F-B26F-6E2E39EFF507}.Release|Any CPU.Build.0 = Release|Any CPU
		{EF29E067-61D0-4E0E-AFC0-0E633EE4F825}.Debug|Any CPU.ActiveCfg = Debug|Any CPU
		{EF29E067-61D0-4E0E-AFC0-0E633EE4F825}.Debug|Any CPU.Build.0 = Debug|Any CPU
		{EF29E067-61D0-4E0E-AFC0-0E633EE4F825}.Release|Any CPU.ActiveCfg = Release|Any CPU
		{EF29E067-61D0-4E0E-AFC0-0E633EE4F825}.Release|Any CPU.Build.0 = Release|Any CPU
		{C7E554E5-2068-419D-B362-F8A36868EB92}.Debug|Any CPU.ActiveCfg = Debug|Any CPU
		{C7E554E5-2068-419D-B362-F8A36868EB92}.Debug|Any CPU.Build.0 = Debug|Any CPU
		{C7E554E5-2068-419D-B362-F8A36868EB92}.Release|Any CPU.ActiveCfg = Release|Any CPU
		{C7E554E5-2068-419D-B362-F8A36868EB92}.Release|Any CPU.Build.0 = Release|Any CPU
		{3663DCDC-FC31-42E5-A375-594339D03F77}.Debug|Any CPU.ActiveCfg = Debug|Any CPU
		{3663DCDC-FC31-42E5-A375-594339D03F77}.Debug|Any CPU.Build.0 = Debug|Any CPU
		{3663DCDC-FC31-42E5-A375-594339D03F77}.Release|Any CPU.ActiveCfg = Release|Any CPU
		{3663DCDC-FC31-42E5-A375-594339D03F77}.Release|Any CPU.Build.0 = Release|Any CPU
		{25811685-46DF-478E-B795-798517F89734}.Debug|Any CPU.ActiveCfg = Debug|Any CPU
		{25811685-46DF-478E-B795-798517F89734}.Debug|Any CPU.Build.0 = Debug|Any CPU
		{25811685-46DF-478E-B795-798517F89734}.Release|Any CPU.ActiveCfg = Release|Any CPU
		{25811685-46DF-478E-B795-798517F89734}.Release|Any CPU.Build.0 = Release|Any CPU
		{0673EEB4-B5A6-4F81-879B-61F7A35BD506}.Debug|Any CPU.ActiveCfg = Debug|Any CPU
		{0673EEB4-B5A6-4F81-879B-61F7A35BD506}.Debug|Any CPU.Build.0 = Debug|Any CPU
		{0673EEB4-B5A6-4F81-879B-61F7A35BD506}.Release|Any CPU.ActiveCfg = Release|Any CPU
		{0673EEB4-B5A6-4F81-879B-61F7A35BD506}.Release|Any CPU.Build.0 = Release|Any CPU
		{5CB779F4-EDF3-4786-BA21-114CA3C852F1}.Debug|Any CPU.ActiveCfg = Debug|Any CPU
		{5CB779F4-EDF3-4786-BA21-114CA3C852F1}.Debug|Any CPU.Build.0 = Debug|Any CPU
		{5CB779F4-EDF3-4786-BA21-114CA3C852F1}.Release|Any CPU.ActiveCfg = Release|Any CPU
		{5CB779F4-EDF3-4786-BA21-114CA3C852F1}.Release|Any CPU.Build.0 = Release|Any CPU
	EndGlobalSection
	GlobalSection(SolutionProperties) = preSolution
		HideSolutionNode = FALSE
	EndGlobalSection
	GlobalSection(NestedProjects) = preSolution
		{850B4204-AF71-4381-898B-C8C944A37F8F} = {5F4EB8FA-42C7-4397-91D0-666B4CB102CF}
		{D2B6911D-3AC9-4563-8893-5BA99863E963} = {5F4EB8FA-42C7-4397-91D0-666B4CB102CF}
		{02E6C2AB-4BAD-4573-BD68-E0B7DBA1A245} = {5F4EB8FA-42C7-4397-91D0-666B4CB102CF}
		{F117E8FA-4C56-4DE9-8DB9-81EFDEC35AF5} = {D2B6911D-3AC9-4563-8893-5BA99863E963}
		{4660544E-7033-4438-99F8-828E09DB23AF} = {D2B6911D-3AC9-4563-8893-5BA99863E963}
		{D0FC95F6-48CA-4514-AA21-0961D9FF0064} = {D2B6911D-3AC9-4563-8893-5BA99863E963}
		{F6D341FF-17F6-41F8-9701-A58ECB26F881} = {D2B6911D-3AC9-4563-8893-5BA99863E963}
		{B9E10694-ABCC-4FF9-B059-75ABBCE621FC} = {5F4EB8FA-42C7-4397-91D0-666B4CB102CF}
		{3056045F-7FEE-4BC6-8DBC-0265B08CDA41} = {850B4204-AF71-4381-898B-C8C944A37F8F}
		{23616773-9879-481F-B26F-6E2E39EFF507} = {02E6C2AB-4BAD-4573-BD68-E0B7DBA1A245}
		{EF29E067-61D0-4E0E-AFC0-0E633EE4F825} = {B9E10694-ABCC-4FF9-B059-75ABBCE621FC}
		{7AC63B39-A92F-4468-AF3C-CB77E2560635} = {5F4EB8FA-42C7-4397-91D0-666B4CB102CF}
		{C7E554E5-2068-419D-B362-F8A36868EB92} = {7AC63B39-A92F-4468-AF3C-CB77E2560635}
		{3663DCDC-FC31-42E5-A375-594339D03F77} = {7AC63B39-A92F-4468-AF3C-CB77E2560635}
		{25811685-46DF-478E-B795-798517F89734} = {7AC63B39-A92F-4468-AF3C-CB77E2560635}
		{0673EEB4-B5A6-4F81-879B-61F7A35BD506} = {7AC63B39-A92F-4468-AF3C-CB77E2560635}
		{5CB779F4-EDF3-4786-BA21-114CA3C852F1} = {7AC63B39-A92F-4468-AF3C-CB77E2560635}
	EndGlobalSection
	GlobalSection(ExtensibilityGlobals) = postSolution
		SolutionGuid = {740ED24D-19B6-4E15-93B5-4BBEF415CB1B}
	EndGlobalSection
EndGlobal
